
Microsoft Visual Studio Solution File, Format Version 12.00
# Visual Studio 14
VisualStudioVersion = 14.0.25420.1
MinimumVisualStudioVersion = 10.0.40219.1
Project("{FAE04EC0-301F-11D3-BF4B-00C04F79EFBC}") = "AssemblyBrowserApp", "AssemblyBrowserApp.csproj", "{A3A514AB-F77D-4E78-9D08-6373236F437B}"
EndProject
Project("{FAE04EC0-301F-11D3-BF4B-00C04F79EFBC}") = "AssemblyBrowserLib", "..\AssemblyBrowserLib\AssemblyBrowserLib.csproj", "{EB1A6D49-3FB2-4C69-94E6-70F07742F784}"
EndProject
Project("{FAE04EC0-301F-11D3-BF4B-00C04F79EFBC}") = "UnitTests", "UnitTests\UnitTests.csproj", "{43B9D997-35C8-4439-8AEF-D8951654EAF2}"
EndProject
Global
	GlobalSection(SolutionConfigurationPlatforms) = preSolution
		Debug|Any CPU = Debug|Any CPU
		Debug|ARM = Debug|ARM
		Debug|x64 = Debug|x64
		Debug|x86 = Debug|x86
		Release|Any CPU = Release|Any CPU
		Release|ARM = Release|ARM
		Release|x64 = Release|x64
		Release|x86 = Release|x86
	EndGlobalSection
	GlobalSection(ProjectConfigurationPlatforms) = postSolution
		{A3A514AB-F77D-4E78-9D08-6373236F437B}.Debug|Any CPU.ActiveCfg = Debug|Any CPU
		{A3A514AB-F77D-4E78-9D08-6373236F437B}.Debug|Any CPU.Build.0 = Debug|Any CPU
		{A3A514AB-F77D-4E78-9D08-6373236F437B}.Debug|ARM.ActiveCfg = Debug|Any CPU
		{A3A514AB-F77D-4E78-9D08-6373236F437B}.Debug|ARM.Build.0 = Debug|Any CPU
		{A3A514AB-F77D-4E78-9D08-6373236F437B}.Debug|x64.ActiveCfg = Debug|Any CPU
		{A3A514AB-F77D-4E78-9D08-6373236F437B}.Debug|x64.Build.0 = Debug|Any CPU
		{A3A514AB-F77D-4E78-9D08-6373236F437B}.Debug|x86.ActiveCfg = Debug|Any CPU
		{A3A514AB-F77D-4E78-9D08-6373236F437B}.Debug|x86.Build.0 = Debug|Any CPU
		{A3A514AB-F77D-4E78-9D08-6373236F437B}.Release|Any CPU.ActiveCfg = Release|Any CPU
		{A3A514AB-F77D-4E78-9D08-6373236F437B}.Release|Any CPU.Build.0 = Release|Any CPU
		{A3A514AB-F77D-4E78-9D08-6373236F437B}.Release|ARM.ActiveCfg = Release|Any CPU
		{A3A514AB-F77D-4E78-9D08-6373236F437B}.Release|ARM.Build.0 = Release|Any CPU
		{A3A514AB-F77D-4E78-9D08-6373236F437B}.Release|x64.ActiveCfg = Release|Any CPU
		{A3A514AB-F77D-4E78-9D08-6373236F437B}.Release|x64.Build.0 = Release|Any CPU
		{A3A514AB-F77D-4E78-9D08-6373236F437B}.Release|x86.ActiveCfg = Release|Any CPU
		{A3A514AB-F77D-4E78-9D08-6373236F437B}.Release|x86.Build.0 = Release|Any CPU
		{EB1A6D49-3FB2-4C69-94E6-70F07742F784}.Debug|Any CPU.ActiveCfg = Debug|Any CPU
		{EB1A6D49-3FB2-4C69-94E6-70F07742F784}.Debug|Any CPU.Build.0 = Debug|Any CPU
		{EB1A6D49-3FB2-4C69-94E6-70F07742F784}.Debug|ARM.ActiveCfg = Debug|Any CPU
		{EB1A6D49-3FB2-4C69-94E6-70F07742F784}.Debug|ARM.Build.0 = Debug|Any CPU
		{EB1A6D49-3FB2-4C69-94E6-70F07742F784}.Debug|x64.ActiveCfg = Debug|Any CPU
		{EB1A6D49-3FB2-4C69-94E6-70F07742F784}.Debug|x64.Build.0 = Debug|Any CPU
		{EB1A6D49-3FB2-4C69-94E6-70F07742F784}.Debug|x86.ActiveCfg = Debug|Any CPU
		{EB1A6D49-3FB2-4C69-94E6-70F07742F784}.Debug|x86.Build.0 = Debug|Any CPU
		{EB1A6D49-3FB2-4C69-94E6-70F07742F784}.Release|Any CPU.ActiveCfg = Release|Any CPU
		{EB1A6D49-3FB2-4C69-94E6-70F07742F784}.Release|Any CPU.Build.0 = Release|Any CPU
		{EB1A6D49-3FB2-4C69-94E6-70F07742F784}.Release|ARM.ActiveCfg = Release|Any CPU
		{EB1A6D49-3FB2-4C69-94E6-70F07742F784}.Release|ARM.Build.0 = Release|Any CPU
		{EB1A6D49-3FB2-4C69-94E6-70F07742F784}.Release|x64.ActiveCfg = Release|Any CPU
		{EB1A6D49-3FB2-4C69-94E6-70F07742F784}.Release|x64.Build.0 = Release|Any CPU
		{EB1A6D49-3FB2-4C69-94E6-70F07742F784}.Release|x86.ActiveCfg = Release|Any CPU
		{EB1A6D49-3FB2-4C69-94E6-70F07742F784}.Release|x86.Build.0 = Release|Any CPU
		{43B9D997-35C8-4439-8AEF-D8951654EAF2}.Debug|Any CPU.ActiveCfg = Debug|Any CPU
		{43B9D997-35C8-4439-8AEF-D8951654EAF2}.Debug|Any CPU.Build.0 = Debug|Any CPU
		{43B9D997-35C8-4439-8AEF-D8951654EAF2}.Debug|ARM.ActiveCfg = Debug|Any CPU
		{43B9D997-35C8-4439-8AEF-D8951654EAF2}.Debug|ARM.Build.0 = Debug|Any CPU
		{43B9D997-35C8-4439-8AEF-D8951654EAF2}.Debug|x64.ActiveCfg = Debug|Any CPU
		{43B9D997-35C8-4439-8AEF-D8951654EAF2}.Debug|x64.Build.0 = Debug|Any CPU
		{43B9D997-35C8-4439-8AEF-D8951654EAF2}.Debug|x86.ActiveCfg = Debug|Any CPU
		{43B9D997-35C8-4439-8AEF-D8951654EAF2}.Debug|x86.Build.0 = Debug|Any CPU
		{43B9D997-35C8-4439-8AEF-D8951654EAF2}.Release|Any CPU.ActiveCfg = Release|Any CPU
		{43B9D997-35C8-4439-8AEF-D8951654EAF2}.Release|Any CPU.Build.0 = Release|Any CPU
		{43B9D997-35C8-4439-8AEF-D8951654EAF2}.Release|ARM.ActiveCfg = Release|Any CPU
		{43B9D997-35C8-4439-8AEF-D8951654EAF2}.Release|ARM.Build.0 = Release|Any CPU
		{43B9D997-35C8-4439-8AEF-D8951654EAF2}.Release|x64.ActiveCfg = Release|Any CPU
		{43B9D997-35C8-4439-8AEF-D8951654EAF2}.Release|x64.Build.0 = Release|Any CPU
		{43B9D997-35C8-4439-8AEF-D8951654EAF2}.Release|x86.ActiveCfg = Release|Any CPU
		{43B9D997-35C8-4439-8AEF-D8951654EAF2}.Release|x86.Build.0 = Release|Any CPU
	EndGlobalSection
	GlobalSection(SolutionProperties) = preSolution
		HideSolutionNode = FALSE
	EndGlobalSection
EndGlobal
